
Microsoft Visual Studio Solution File, Format Version 12.00
# Visual Studio Version 16
VisualStudioVersion = 16.0.30406.217
MinimumVisualStudioVersion = 10.0.40219.1
Project("{FAE04EC0-301F-11D3-BF4B-00C04F79EFBC}") = "ex46", "ex46\ex46.csproj", "{AB50F363-732B-4928-81C6-5420A3A764AB}"
EndProject
Global
	GlobalSection(SolutionConfigurationPlatforms) = preSolution
		Debug|Any CPU = Debug|Any CPU
		Release|Any CPU = Release|Any CPU
	EndGlobalSection
	GlobalSection(ProjectConfigurationPlatforms) = postSolution
		{AB50F363-732B-4928-81C6-5420A3A764AB}.Debug|Any CPU.ActiveCfg = Debug|Any CPU
		{AB50F363-732B-4928-81C6-5420A3A764AB}.Debug|Any CPU.Build.0 = Debug|Any CPU
		{AB50F363-732B-4928-81C6-5420A3A764AB}.Release|Any CPU.ActiveCfg = Release|Any CPU
		{AB50F363-732B-4928-81C6-5420A3A764AB}.Release|Any CPU.Build.0 = Release|Any CPU
	EndGlobalSection
	GlobalSection(SolutionProperties) = preSolution
		HideSolutionNode = FALSE
	EndGlobalSection
	GlobalSection(ExtensibilityGlobals) = postSolution
		SolutionGuid = {FA4D241D-1DE3-445A-B32A-9D9A38795F15}
	EndGlobalSection
EndGlobal
