
Microsoft Visual Studio Solution File, Format Version 12.00
# Visual Studio Version 16
VisualStudioVersion = 16.0.30406.217
MinimumVisualStudioVersion = 10.0.40219.1
Project("{FAE04EC0-301F-11D3-BF4B-00C04F79EFBC}") = "prova ex2", "prova ex2\prova ex2.csproj", "{3033A59B-91D8-4C7C-AC68-226E9C4D785B}"
EndProject
Global
	GlobalSection(SolutionConfigurationPlatforms) = preSolution
		Debug|Any CPU = Debug|Any CPU
		Release|Any CPU = Release|Any CPU
	EndGlobalSection
	GlobalSection(ProjectConfigurationPlatforms) = postSolution
		{3033A59B-91D8-4C7C-AC68-226E9C4D785B}.Debug|Any CPU.ActiveCfg = Debug|Any CPU
		{3033A59B-91D8-4C7C-AC68-226E9C4D785B}.Debug|Any CPU.Build.0 = Debug|Any CPU
		{3033A59B-91D8-4C7C-AC68-226E9C4D785B}.Release|Any CPU.ActiveCfg = Release|Any CPU
		{3033A59B-91D8-4C7C-AC68-226E9C4D785B}.Release|Any CPU.Build.0 = Release|Any CPU
	EndGlobalSection
	GlobalSection(SolutionProperties) = preSolution
		HideSolutionNode = FALSE
	EndGlobalSection
	GlobalSection(ExtensibilityGlobals) = postSolution
		SolutionGuid = {845017C4-E6C7-4244-9F72-65B1410A6D9A}
	EndGlobalSection
EndGlobal
