
Microsoft Visual Studio Solution File, Format Version 12.00
# Visual Studio Version 16
VisualStudioVersion = 16.0.30406.217
MinimumVisualStudioVersion = 10.0.40219.1
Project("{FAE04EC0-301F-11D3-BF4B-00C04F79EFBC}") = "ex33", "ex33\ex33.csproj", "{8525EB34-C16B-4412-A867-FE4182B400CD}"
EndProject
Global
	GlobalSection(SolutionConfigurationPlatforms) = preSolution
		Debug|Any CPU = Debug|Any CPU
		Release|Any CPU = Release|Any CPU
	EndGlobalSection
	GlobalSection(ProjectConfigurationPlatforms) = postSolution
		{8525EB34-C16B-4412-A867-FE4182B400CD}.Debug|Any CPU.ActiveCfg = Debug|Any CPU
		{8525EB34-C16B-4412-A867-FE4182B400CD}.Debug|Any CPU.Build.0 = Debug|Any CPU
		{8525EB34-C16B-4412-A867-FE4182B400CD}.Release|Any CPU.ActiveCfg = Release|Any CPU
		{8525EB34-C16B-4412-A867-FE4182B400CD}.Release|Any CPU.Build.0 = Release|Any CPU
	EndGlobalSection
	GlobalSection(SolutionProperties) = preSolution
		HideSolutionNode = FALSE
	EndGlobalSection
	GlobalSection(ExtensibilityGlobals) = postSolution
		SolutionGuid = {7051CAD7-0C70-42F0-AEC7-B2DD99907ACB}
	EndGlobalSection
EndGlobal
