
Microsoft Visual Studio Solution File, Format Version 12.00
# Visual Studio Version 16
VisualStudioVersion = 16.0.30406.217
MinimumVisualStudioVersion = 10.0.40219.1
Project("{FAE04EC0-301F-11D3-BF4B-00C04F79EFBC}") = "ex38", "ex38\ex38.csproj", "{3701A300-6CFD-451D-A678-C38091ACBD8D}"
EndProject
Global
	GlobalSection(SolutionConfigurationPlatforms) = preSolution
		Debug|Any CPU = Debug|Any CPU
		Release|Any CPU = Release|Any CPU
	EndGlobalSection
	GlobalSection(ProjectConfigurationPlatforms) = postSolution
		{3701A300-6CFD-451D-A678-C38091ACBD8D}.Debug|Any CPU.ActiveCfg = Debug|Any CPU
		{3701A300-6CFD-451D-A678-C38091ACBD8D}.Debug|Any CPU.Build.0 = Debug|Any CPU
		{3701A300-6CFD-451D-A678-C38091ACBD8D}.Release|Any CPU.ActiveCfg = Release|Any CPU
		{3701A300-6CFD-451D-A678-C38091ACBD8D}.Release|Any CPU.Build.0 = Release|Any CPU
	EndGlobalSection
	GlobalSection(SolutionProperties) = preSolution
		HideSolutionNode = FALSE
	EndGlobalSection
	GlobalSection(ExtensibilityGlobals) = postSolution
		SolutionGuid = {486FDA00-6C2C-440B-9D81-D16AC8ADCA00}
	EndGlobalSection
EndGlobal
