
Microsoft Visual Studio Solution File, Format Version 12.00
# Visual Studio Version 16
VisualStudioVersion = 16.0.30406.217
MinimumVisualStudioVersion = 10.0.40219.1
Project("{FAE04EC0-301F-11D3-BF4B-00C04F79EFBC}") = "ex32", "ex32\ex32.csproj", "{B6E5B58C-B8D3-4986-A69F-16CA1F7CD33B}"
EndProject
Global
	GlobalSection(SolutionConfigurationPlatforms) = preSolution
		Debug|Any CPU = Debug|Any CPU
		Release|Any CPU = Release|Any CPU
	EndGlobalSection
	GlobalSection(ProjectConfigurationPlatforms) = postSolution
		{B6E5B58C-B8D3-4986-A69F-16CA1F7CD33B}.Debug|Any CPU.ActiveCfg = Debug|Any CPU
		{B6E5B58C-B8D3-4986-A69F-16CA1F7CD33B}.Debug|Any CPU.Build.0 = Debug|Any CPU
		{B6E5B58C-B8D3-4986-A69F-16CA1F7CD33B}.Release|Any CPU.ActiveCfg = Release|Any CPU
		{B6E5B58C-B8D3-4986-A69F-16CA1F7CD33B}.Release|Any CPU.Build.0 = Release|Any CPU
	EndGlobalSection
	GlobalSection(SolutionProperties) = preSolution
		HideSolutionNode = FALSE
	EndGlobalSection
	GlobalSection(ExtensibilityGlobals) = postSolution
		SolutionGuid = {2FAABE45-3075-4337-B3FD-BBE1D6BF9726}
	EndGlobalSection
EndGlobal
