
Microsoft Visual Studio Solution File, Format Version 12.00
# Visual Studio Version 16
VisualStudioVersion = 16.0.29806.167
MinimumVisualStudioVersion = 10.0.40219.1
Project("{FAE04EC0-301F-11D3-BF4B-00C04F79EFBC}") = "ex31", "ex31\ex31.csproj", "{20CC80C0-302C-4005-AB90-C4A124D2E089}"
EndProject
Global
	GlobalSection(SolutionConfigurationPlatforms) = preSolution
		Debug|Any CPU = Debug|Any CPU
		Release|Any CPU = Release|Any CPU
	EndGlobalSection
	GlobalSection(ProjectConfigurationPlatforms) = postSolution
		{20CC80C0-302C-4005-AB90-C4A124D2E089}.Debug|Any CPU.ActiveCfg = Debug|Any CPU
		{20CC80C0-302C-4005-AB90-C4A124D2E089}.Debug|Any CPU.Build.0 = Debug|Any CPU
		{20CC80C0-302C-4005-AB90-C4A124D2E089}.Release|Any CPU.ActiveCfg = Release|Any CPU
		{20CC80C0-302C-4005-AB90-C4A124D2E089}.Release|Any CPU.Build.0 = Release|Any CPU
	EndGlobalSection
	GlobalSection(SolutionProperties) = preSolution
		HideSolutionNode = FALSE
	EndGlobalSection
	GlobalSection(ExtensibilityGlobals) = postSolution
		SolutionGuid = {6CCC8480-D27B-4289-9DD9-FDA1F8F8D928}
	EndGlobalSection
EndGlobal
