
Microsoft Visual Studio Solution File, Format Version 12.00
# Visual Studio Version 16
VisualStudioVersion = 16.0.29806.167
MinimumVisualStudioVersion = 10.0.40219.1
Project("{FAE04EC0-301F-11D3-BF4B-00C04F79EFBC}") = "ex29", "ex29\ex29.csproj", "{9138A849-AD8C-4C63-8620-C98A8D1F125F}"
EndProject
Global
	GlobalSection(SolutionConfigurationPlatforms) = preSolution
		Debug|Any CPU = Debug|Any CPU
		Release|Any CPU = Release|Any CPU
	EndGlobalSection
	GlobalSection(ProjectConfigurationPlatforms) = postSolution
		{9138A849-AD8C-4C63-8620-C98A8D1F125F}.Debug|Any CPU.ActiveCfg = Debug|Any CPU
		{9138A849-AD8C-4C63-8620-C98A8D1F125F}.Debug|Any CPU.Build.0 = Debug|Any CPU
		{9138A849-AD8C-4C63-8620-C98A8D1F125F}.Release|Any CPU.ActiveCfg = Release|Any CPU
		{9138A849-AD8C-4C63-8620-C98A8D1F125F}.Release|Any CPU.Build.0 = Release|Any CPU
	EndGlobalSection
	GlobalSection(SolutionProperties) = preSolution
		HideSolutionNode = FALSE
	EndGlobalSection
	GlobalSection(ExtensibilityGlobals) = postSolution
		SolutionGuid = {4CB4ED63-2FAF-4351-B38B-DEC5E1B93A5F}
	EndGlobalSection
EndGlobal
