
Microsoft Visual Studio Solution File, Format Version 12.00
# Visual Studio Version 16
VisualStudioVersion = 16.0.30002.166
MinimumVisualStudioVersion = 10.0.40219.1
Project("{FAE04EC0-301F-11D3-BF4B-00C04F79EFBC}") = "ex27", "ex27\ex27.csproj", "{C875A499-7822-4848-B39E-569A194082BA}"
EndProject
Global
	GlobalSection(SolutionConfigurationPlatforms) = preSolution
		Debug|Any CPU = Debug|Any CPU
		Release|Any CPU = Release|Any CPU
	EndGlobalSection
	GlobalSection(ProjectConfigurationPlatforms) = postSolution
		{C875A499-7822-4848-B39E-569A194082BA}.Debug|Any CPU.ActiveCfg = Debug|Any CPU
		{C875A499-7822-4848-B39E-569A194082BA}.Debug|Any CPU.Build.0 = Debug|Any CPU
		{C875A499-7822-4848-B39E-569A194082BA}.Release|Any CPU.ActiveCfg = Release|Any CPU
		{C875A499-7822-4848-B39E-569A194082BA}.Release|Any CPU.Build.0 = Release|Any CPU
	EndGlobalSection
	GlobalSection(SolutionProperties) = preSolution
		HideSolutionNode = FALSE
	EndGlobalSection
	GlobalSection(ExtensibilityGlobals) = postSolution
		SolutionGuid = {6298A5D4-B3C0-48B5-82BD-C326DCE34E6C}
	EndGlobalSection
EndGlobal
