
Microsoft Visual Studio Solution File, Format Version 12.00
# Visual Studio Version 16
VisualStudioVersion = 16.0.30406.217
MinimumVisualStudioVersion = 10.0.40219.1
Project("{FAE04EC0-301F-11D3-BF4B-00C04F79EFBC}") = "ex52", "ex52\ex52.csproj", "{3A6F5410-D1AC-47D1-B551-4C7E33BD5138}"
EndProject
Global
	GlobalSection(SolutionConfigurationPlatforms) = preSolution
		Debug|Any CPU = Debug|Any CPU
		Release|Any CPU = Release|Any CPU
	EndGlobalSection
	GlobalSection(ProjectConfigurationPlatforms) = postSolution
		{3A6F5410-D1AC-47D1-B551-4C7E33BD5138}.Debug|Any CPU.ActiveCfg = Debug|Any CPU
		{3A6F5410-D1AC-47D1-B551-4C7E33BD5138}.Debug|Any CPU.Build.0 = Debug|Any CPU
		{3A6F5410-D1AC-47D1-B551-4C7E33BD5138}.Release|Any CPU.ActiveCfg = Release|Any CPU
		{3A6F5410-D1AC-47D1-B551-4C7E33BD5138}.Release|Any CPU.Build.0 = Release|Any CPU
	EndGlobalSection
	GlobalSection(SolutionProperties) = preSolution
		HideSolutionNode = FALSE
	EndGlobalSection
	GlobalSection(ExtensibilityGlobals) = postSolution
		SolutionGuid = {5653EE84-36EF-4E67-8E42-0AC9FB57A495}
	EndGlobalSection
EndGlobal
