
Microsoft Visual Studio Solution File, Format Version 12.00
# Visual Studio Version 16
VisualStudioVersion = 16.0.29806.167
MinimumVisualStudioVersion = 10.0.40219.1
Project("{FAE04EC0-301F-11D3-BF4B-00C04F79EFBC}") = "ex04", "ex04\ex04.csproj", "{2411A588-EA1C-431D-9210-2B6EB8DEDB37}"
EndProject
Global
	GlobalSection(SolutionConfigurationPlatforms) = preSolution
		Debug|Any CPU = Debug|Any CPU
		Release|Any CPU = Release|Any CPU
	EndGlobalSection
	GlobalSection(ProjectConfigurationPlatforms) = postSolution
		{2411A588-EA1C-431D-9210-2B6EB8DEDB37}.Debug|Any CPU.ActiveCfg = Debug|Any CPU
		{2411A588-EA1C-431D-9210-2B6EB8DEDB37}.Debug|Any CPU.Build.0 = Debug|Any CPU
		{2411A588-EA1C-431D-9210-2B6EB8DEDB37}.Release|Any CPU.ActiveCfg = Release|Any CPU
		{2411A588-EA1C-431D-9210-2B6EB8DEDB37}.Release|Any CPU.Build.0 = Release|Any CPU
	EndGlobalSection
	GlobalSection(SolutionProperties) = preSolution
		HideSolutionNode = FALSE
	EndGlobalSection
	GlobalSection(ExtensibilityGlobals) = postSolution
		SolutionGuid = {345770D3-6836-43C2-9C61-085699AF886A}
	EndGlobalSection
EndGlobal
